// !$*UTF8*$!
{
	archiveVersion = 1;
	classes = {
	};
	objectVersion = 46;
	objects = {

/* Begin PBXBuildFile section */
		409AA4511899F9E400DA9755 /* Foundation.framework in Frameworks */ = {isa = PBXBuildFile; fileRef = 409AA4501899F9E400DA9755 /* Foundation.framework */; };
		409AA4531899F9E400DA9755 /* CoreGraphics.framework in Frameworks */ = {isa = PBXBuildFile; fileRef = 409AA4521899F9E400DA9755 /* CoreGraphics.framework */; };
		409AA4551899F9E400DA9755 /* UIKit.framework in Frameworks */ = {isa = PBXBuildFile; fileRef = 409AA4541899F9E400DA9755 /* UIKit.framework */; };
		409AA45B1899F9E400DA9755 /* InfoPlist.strings in Resources */ = {isa = PBXBuildFile; fileRef = 409AA4591899F9E400DA9755 /* InfoPlist.strings */; };
		409AA45D1899F9E400DA9755 /* main.m in Sources */ = {isa = PBXBuildFile; fileRef = 409AA45C1899F9E400DA9755 /* main.m */; };
		409AA4611899F9E400DA9755 /* AppDelegate.m in Sources */ = {isa = PBXBuildFile; fileRef = 409AA4601899F9E400DA9755 /* AppDelegate.m */; };
		409AA4641899F9E400DA9755 /* Main.storyboard in Resources */ = {isa = PBXBuildFile; fileRef = 409AA4621899F9E400DA9755 /* Main.storyboard */; };
		409AA4671899F9E400DA9755 /* ViewController.m in Sources */ = {isa = PBXBuildFile; fileRef = 409AA4661899F9E400DA9755 /* ViewController.m */; };
		409AA4691899F9E400DA9755 /* Images.xcassets in Resources */ = {isa = PBXBuildFile; fileRef = 409AA4681899F9E400DA9755 /* Images.xcassets */; };
		409AA4701899F9E400DA9755 /* XCTest.framework in Frameworks */ = {isa = PBXBuildFile; fileRef = 409AA46F1899F9E400DA9755 /* XCTest.framework */; };
		409AA4711899F9E400DA9755 /* Foundation.framework in Frameworks */ = {isa = PBXBuildFile; fileRef = 409AA4501899F9E400DA9755 /* Foundation.framework */; };
		409AA4721899F9E400DA9755 /* UIKit.framework in Frameworks */ = {isa = PBXBuildFile; fileRef = 409AA4541899F9E400DA9755 /* UIKit.framework */; };
		409AA47A1899F9E400DA9755 /* InfoPlist.strings in Resources */ = {isa = PBXBuildFile; fileRef = 409AA4781899F9E400DA9755 /* InfoPlist.strings */; };
		409AA47C1899F9E400DA9755 /* MandrillTstTests.m in Sources */ = {isa = PBXBuildFile; fileRef = 409AA47B1899F9E400DA9755 /* MandrillTstTests.m */; };
		409AA4871899FA5500DA9755 /* QuoteEmailGenerator.m in Sources */ = {isa = PBXBuildFile; fileRef = 409AA4861899FA5500DA9755 /* QuoteEmailGenerator.m */; };
		409AA48A1899FB5F00DA9755 /* QuoteViewController.m in Sources */ = {isa = PBXBuildFile; fileRef = 409AA4891899FB5F00DA9755 /* QuoteViewController.m */; };
		409AA48D1899FBA300DA9755 /* NumericSchunkField.m in Sources */ = {isa = PBXBuildFile; fileRef = 409AA48C1899FBA300DA9755 /* NumericSchunkField.m */; };
/* End PBXBuildFile section */

/* Begin PBXContainerItemProxy section */
		409AA4731899F9E400DA9755 /* PBXContainerItemProxy */ = {
			isa = PBXContainerItemProxy;
			containerPortal = 409AA4451899F9E400DA9755 /* Project object */;
			proxyType = 1;
			remoteGlobalIDString = 409AA44C1899F9E400DA9755;
			remoteInfo = MandrillTst;
		};
/* End PBXContainerItemProxy section */

/* Begin PBXFileReference section */
		409AA44D1899F9E400DA9755 /* MandrillTst.app */ = {isa = PBXFileReference; explicitFileType = wrapper.application; includeInIndex = 0; path = MandrillTst.app; sourceTree = BUILT_PRODUCTS_DIR; };
		409AA4501899F9E400DA9755 /* Foundation.framework */ = {isa = PBXFileReference; lastKnownFileType = wrapper.framework; name = Foundation.framework; path = System/Library/Frameworks/Foundation.framework; sourceTree = SDKROOT; };
		409AA4521899F9E400DA9755 /* CoreGraphics.framework */ = {isa = PBXFileReference; lastKnownFileType = wrapper.framework; name = CoreGraphics.framework; path = System/Library/Frameworks/CoreGraphics.framework; sourceTree = SDKROOT; };
		409AA4541899F9E400DA9755 /* UIKit.framework */ = {isa = PBXFileReference; lastKnownFileType = wrapper.framework; name = UIKit.framework; path = System/Library/Frameworks/UIKit.framework; sourceTree = SDKROOT; };
		409AA4581899F9E400DA9755 /* MandrillTst-Info.plist */ = {isa = PBXFileReference; lastKnownFileType = text.plist.xml; path = "MandrillTst-Info.plist"; sourceTree = "<group>"; };
		409AA45A1899F9E400DA9755 /* en */ = {isa = PBXFileReference; lastKnownFileType = text.plist.strings; name = en; path = en.lproj/InfoPlist.strings; sourceTree = "<group>"; };
		409AA45C1899F9E400DA9755 /* main.m */ = {isa = PBXFileReference; lastKnownFileType = sourcecode.c.objc; path = main.m; sourceTree = "<group>"; };
		409AA45E1899F9E400DA9755 /* MandrillTst-Prefix.pch */ = {isa = PBXFileReference; lastKnownFileType = sourcecode.c.h; path = "MandrillTst-Prefix.pch"; sourceTree = "<group>"; };
		409AA45F1899F9E400DA9755 /* AppDelegate.h */ = {isa = PBXFileReference; lastKnownFileType = sourcecode.c.h; path = AppDelegate.h; sourceTree = "<group>"; };
		409AA4601899F9E400DA9755 /* AppDelegate.m */ = {isa = PBXFileReference; lastKnownFileType = sourcecode.c.objc; path = AppDelegate.m; sourceTree = "<group>"; };
		409AA4631899F9E400DA9755 /* Base */ = {isa = PBXFileReference; lastKnownFileType = file.storyboard; name = Base; path = Base.lproj/Main.storyboard; sourceTree = "<group>"; };
		409AA4651899F9E400DA9755 /* ViewController.h */ = {isa = PBXFileReference; lastKnownFileType = sourcecode.c.h; path = ViewController.h; sourceTree = "<group>"; };
		409AA4661899F9E400DA9755 /* ViewController.m */ = {isa = PBXFileReference; lastKnownFileType = sourcecode.c.objc; path = ViewController.m; sourceTree = "<group>"; };
		409AA4681899F9E400DA9755 /* Images.xcassets */ = {isa = PBXFileReference; lastKnownFileType = folder.assetcatalog; path = Images.xcassets; sourceTree = "<group>"; };
		409AA46E1899F9E400DA9755 /* MandrillTstTests.xctest */ = {isa = PBXFileReference; explicitFileType = wrapper.cfbundle; includeInIndex = 0; path = MandrillTstTests.xctest; sourceTree = BUILT_PRODUCTS_DIR; };
		409AA46F1899F9E400DA9755 /* XCTest.framework */ = {isa = PBXFileReference; lastKnownFileType = wrapper.framework; name = XCTest.framework; path = Library/Frameworks/XCTest.framework; sourceTree = DEVELOPER_DIR; };
		409AA4771899F9E400DA9755 /* MandrillTstTests-Info.plist */ = {isa = PBXFileReference; lastKnownFileType = text.plist.xml; path = "MandrillTstTests-Info.plist"; sourceTree = "<group>"; };
		409AA4791899F9E400DA9755 /* en */ = {isa = PBXFileReference; lastKnownFileType = text.plist.strings; name = en; path = en.lproj/InfoPlist.strings; sourceTree = "<group>"; };
		409AA47B1899F9E400DA9755 /* MandrillTstTests.m */ = {isa = PBXFileReference; lastKnownFileType = sourcecode.c.objc; path = MandrillTstTests.m; sourceTree = "<group>"; };
		409AA4851899FA5500DA9755 /* QuoteEmailGenerator.h */ = {isa = PBXFileReference; fileEncoding = 4; lastKnownFileType = sourcecode.c.h; path = QuoteEmailGenerator.h; sourceTree = "<group>"; };
		409AA4861899FA5500DA9755 /* QuoteEmailGenerator.m */ = {isa = PBXFileReference; fileEncoding = 4; lastKnownFileType = sourcecode.c.objc; path = QuoteEmailGenerator.m; sourceTree = "<group>"; };
		409AA4881899FB5F00DA9755 /* QuoteViewController.h */ = {isa = PBXFileReference; fileEncoding = 4; lastKnownFileType = sourcecode.c.h; path = QuoteViewController.h; sourceTree = "<group>"; };
		409AA4891899FB5F00DA9755 /* QuoteViewController.m */ = {isa = PBXFileReference; fileEncoding = 4; lastKnownFileType = sourcecode.c.objc; path = QuoteViewController.m; sourceTree = "<group>"; };
		409AA48B1899FBA300DA9755 /* NumericSchunkField.h */ = {isa = PBXFileReference; fileEncoding = 4; lastKnownFileType = sourcecode.c.h; path = NumericSchunkField.h; sourceTree = "<group>"; };
		409AA48C1899FBA300DA9755 /* NumericSchunkField.m */ = {isa = PBXFileReference; fileEncoding = 4; lastKnownFileType = sourcecode.c.objc; path = NumericSchunkField.m; sourceTree = "<group>"; };
/* End PBXFileReference section */

/* Begin PBXFrameworksBuildPhase section */
		409AA44A1899F9E400DA9755 /* Frameworks */ = {
			isa = PBXFrameworksBuildPhase;
			buildActionMask = 2147483647;
			files = (
				409AA4531899F9E400DA9755 /* CoreGraphics.framework in Frameworks */,
				409AA4551899F9E400DA9755 /* UIKit.framework in Frameworks */,
				409AA4511899F9E400DA9755 /* Foundation.framework in Frameworks */,
			);
			runOnlyForDeploymentPostprocessing = 0;
		};
		409AA46B1899F9E400DA9755 /* Frameworks */ = {
			isa = PBXFrameworksBuildPhase;
			buildActionMask = 2147483647;
			files = (
				409AA4701899F9E400DA9755 /* XCTest.framework in Frameworks */,
				409AA4721899F9E400DA9755 /* UIKit.framework in Frameworks */,
				409AA4711899F9E400DA9755 /* Foundation.framework in Frameworks */,
			);
			runOnlyForDeploymentPostprocessing = 0;
		};
/* End PBXFrameworksBuildPhase section */

/* Begin PBXGroup section */
		409AA4441899F9E400DA9755 = {
			isa = PBXGroup;
			children = (
				409AA4561899F9E400DA9755 /* MandrillTst */,
				409AA4751899F9E400DA9755 /* MandrillTstTests */,
				409AA44F1899F9E400DA9755 /* Frameworks */,
				409AA44E1899F9E400DA9755 /* Products */,
			);
			sourceTree = "<group>";
		};
		409AA44E1899F9E400DA9755 /* Products */ = {
			isa = PBXGroup;
			children = (
				409AA44D1899F9E400DA9755 /* MandrillTst.app */,
				409AA46E1899F9E400DA9755 /* MandrillTstTests.xctest */,
			);
			name = Products;
			sourceTree = "<group>";
		};
		409AA44F1899F9E400DA9755 /* Frameworks */ = {
			isa = PBXGroup;
			children = (
				409AA4501899F9E400DA9755 /* Foundation.framework */,
				409AA4521899F9E400DA9755 /* CoreGraphics.framework */,
				409AA4541899F9E400DA9755 /* UIKit.framework */,
				409AA46F1899F9E400DA9755 /* XCTest.framework */,
			);
			name = Frameworks;
			sourceTree = "<group>";
		};
		409AA4561899F9E400DA9755 /* MandrillTst */ = {
			isa = PBXGroup;
			children = (
				409AA48B1899FBA300DA9755 /* NumericSchunkField.h */,
				409AA48C1899FBA300DA9755 /* NumericSchunkField.m */,
				409AA4881899FB5F00DA9755 /* QuoteViewController.h */,
				409AA4891899FB5F00DA9755 /* QuoteViewController.m */,
				409AA45F1899F9E400DA9755 /* AppDelegate.h */,
				409AA4601899F9E400DA9755 /* AppDelegate.m */,
				409AA4621899F9E400DA9755 /* Main.storyboard */,
				409AA4651899F9E400DA9755 /* ViewController.h */,
				409AA4661899F9E400DA9755 /* ViewController.m */,
				409AA4681899F9E400DA9755 /* Images.xcassets */,
				409AA4571899F9E400DA9755 /* Supporting Files */,
				409AA4851899FA5500DA9755 /* QuoteEmailGenerator.h */,
				409AA4861899FA5500DA9755 /* QuoteEmailGenerator.m */,
			);
			path = MandrillTst;
			sourceTree = "<group>";
		};
		409AA4571899F9E400DA9755 /* Supporting Files */ = {
			isa = PBXGroup;
			children = (
				409AA4581899F9E400DA9755 /* MandrillTst-Info.plist */,
				409AA4591899F9E400DA9755 /* InfoPlist.strings */,
				409AA45C1899F9E400DA9755 /* main.m */,
				409AA45E1899F9E400DA9755 /* MandrillTst-Prefix.pch */,
			);
			name = "Supporting Files";
			sourceTree = "<group>";
		};
		409AA4751899F9E400DA9755 /* MandrillTstTests */ = {
			isa = PBXGroup;
			children = (
				409AA47B1899F9E400DA9755 /* MandrillTstTests.m */,
				409AA4761899F9E400DA9755 /* Supporting Files */,
			);
			path = MandrillTstTests;
			sourceTree = "<group>";
		};
		409AA4761899F9E400DA9755 /* Supporting Files */ = {
			isa = PBXGroup;
			children = (
				409AA4771899F9E400DA9755 /* MandrillTstTests-Info.plist */,
				409AA4781899F9E400DA9755 /* InfoPlist.strings */,
			);
			name = "Supporting Files";
			sourceTree = "<group>";
		};
/* End PBXGroup section */

/* Begin PBXNativeTarget section */
		409AA44C1899F9E400DA9755 /* MandrillTst */ = {
			isa = PBXNativeTarget;
			buildConfigurationList = 409AA47F1899F9E400DA9755 /* Build configuration list for PBXNativeTarget "MandrillTst" */;
			buildPhases = (
				409AA4491899F9E400DA9755 /* Sources */,
				409AA44A1899F9E400DA9755 /* Frameworks */,
				409AA44B1899F9E400DA9755 /* Resources */,
			);
			buildRules = (
			);
			dependencies = (
			);
			name = MandrillTst;
			productName = MandrillTst;
			productReference = 409AA44D1899F9E400DA9755 /* MandrillTst.app */;
			productType = "com.apple.product-type.application";
		};
		409AA46D1899F9E400DA9755 /* MandrillTstTests */ = {
			isa = PBXNativeTarget;
			buildConfigurationList = 409AA4821899F9E400DA9755 /* Build configuration list for PBXNativeTarget "MandrillTstTests" */;
			buildPhases = (
				409AA46A1899F9E400DA9755 /* Sources */,
				409AA46B1899F9E400DA9755 /* Frameworks */,
				409AA46C1899F9E400DA9755 /* Resources */,
			);
			buildRules = (
			);
			dependencies = (
				409AA4741899F9E400DA9755 /* PBXTargetDependency */,
			);
			name = MandrillTstTests;
			productName = MandrillTstTests;
			productReference = 409AA46E1899F9E400DA9755 /* MandrillTstTests.xctest */;
			productType = "com.apple.product-type.bundle.unit-test";
		};
/* End PBXNativeTarget section */

/* Begin PBXProject section */
		409AA4451899F9E400DA9755 /* Project object */ = {
			isa = PBXProject;
			attributes = {
				LastUpgradeCheck = 0500;
				ORGANIZATIONNAME = BjornC;
				TargetAttributes = {
					409AA46D1899F9E400DA9755 = {
						TestTargetID = 409AA44C1899F9E400DA9755;
					};
				};
			};
			buildConfigurationList = 409AA4481899F9E400DA9755 /* Build configuration list for PBXProject "MandrillTst" */;
			compatibilityVersion = "Xcode 3.2";
			developmentRegion = English;
			hasScannedForEncodings = 0;
			knownRegions = (
				en,
				Base,
			);
			mainGroup = 409AA4441899F9E400DA9755;
			productRefGroup = 409AA44E1899F9E400DA9755 /* Products */;
			projectDirPath = "";
			projectRoot = "";
			targets = (
				409AA44C1899F9E400DA9755 /* MandrillTst */,
				409AA46D1899F9E400DA9755 /* MandrillTstTests */,
			);
		};
/* End PBXProject section */

/* Begin PBXResourcesBuildPhase section */
		409AA44B1899F9E400DA9755 /* Resources */ = {
			isa = PBXResourcesBuildPhase;
			buildActionMask = 2147483647;
			files = (
				409AA4691899F9E400DA9755 /* Images.xcassets in Resources */,
				409AA45B1899F9E400DA9755 /* InfoPlist.strings in Resources */,
				409AA4641899F9E400DA9755 /* Main.storyboard in Resources */,
			);
			runOnlyForDeploymentPostprocessing = 0;
		};
		409AA46C1899F9E400DA9755 /* Resources */ = {
			isa = PBXResourcesBuildPhase;
			buildActionMask = 2147483647;
			files = (
				409AA47A1899F9E400DA9755 /* InfoPlist.strings in Resources */,
			);
			runOnlyForDeploymentPostprocessing = 0;
		};
/* End PBXResourcesBuildPhase section */

/* Begin PBXSourcesBuildPhase section */
		409AA4491899F9E400DA9755 /* Sources */ = {
			isa = PBXSourcesBuildPhase;
			buildActionMask = 2147483647;
			files = (
				409AA48A1899FB5F00DA9755 /* QuoteViewController.m in Sources */,
				409AA4671899F9E400DA9755 /* ViewController.m in Sources */,
				409AA4871899FA5500DA9755 /* QuoteEmailGenerator.m in Sources */,
				409AA4611899F9E400DA9755 /* AppDelegate.m in Sources */,
				409AA48D1899FBA300DA9755 /* NumericSchunkField.m in Sources */,
				409AA45D1899F9E400DA9755 /* main.m in Sources */,
			);
			runOnlyForDeploymentPostprocessing = 0;
		};
		409AA46A1899F9E400DA9755 /* Sources */ = {
			isa = PBXSourcesBuildPhase;
			buildActionMask = 2147483647;
			files = (
				409AA47C1899F9E400DA9755 /* MandrillTstTests.m in Sources */,
			);
			runOnlyForDeploymentPostprocessing = 0;
		};
/* End PBXSourcesBuildPhase section */

/* Begin PBXTargetDependency section */
		409AA4741899F9E400DA9755 /* PBXTargetDependency */ = {
			isa = PBXTargetDependency;
			target = 409AA44C1899F9E400DA9755 /* MandrillTst */;
			targetProxy = 409AA4731899F9E400DA9755 /* PBXContainerItemProxy */;
		};
/* End PBXTargetDependency section */

/* Begin PBXVariantGroup section */
		409AA4591899F9E400DA9755 /* InfoPlist.strings */ = {
			isa = PBXVariantGroup;
			children = (
				409AA45A1899F9E400DA9755 /* en */,
			);
			name = InfoPlist.strings;
			sourceTree = "<group>";
		};
		409AA4621899F9E400DA9755 /* Main.storyboard */ = {
			isa = PBXVariantGroup;
			children = (
				409AA4631899F9E400DA9755 /* Base */,
			);
			name = Main.storyboard;
			sourceTree = "<group>";
		};
		409AA4781899F9E400DA9755 /* InfoPlist.strings */ = {
			isa = PBXVariantGroup;
			children = (
				409AA4791899F9E400DA9755 /* en */,
			);
			name = InfoPlist.strings;
			sourceTree = "<group>";
		};
/* End PBXVariantGroup section */

/* Begin XCBuildConfiguration section */
		409AA47D1899F9E400DA9755 /* Debug */ = {
			isa = XCBuildConfiguration;
			buildSettings = {
				ALWAYS_SEARCH_USER_PATHS = NO;
				ARCHS = "$(ARCHS_STANDARD_INCLUDING_64_BIT)";
				CLANG_CXX_LANGUAGE_STANDARD = "gnu++0x";
				CLANG_CXX_LIBRARY = "libc++";
				CLANG_ENABLE_MODULES = YES;
				CLANG_ENABLE_OBJC_ARC = YES;
				CLANG_WARN_BOOL_CONVERSION = YES;
				CLANG_WARN_CONSTANT_CONVERSION = YES;
				CLANG_WARN_DIRECT_OBJC_ISA_USAGE = YES_ERROR;
				CLANG_WARN_EMPTY_BODY = YES;
				CLANG_WARN_ENUM_CONVERSION = YES;
				CLANG_WARN_INT_CONVERSION = YES;
				CLANG_WARN_OBJC_ROOT_CLASS = YES_ERROR;
				CLANG_WARN__DUPLICATE_METHOD_MATCH = YES;
				"CODE_SIGN_IDENTITY[sdk=iphoneos*]" = "iPhone Developer";
				COPY_PHASE_STRIP = NO;
				GCC_C_LANGUAGE_STANDARD = gnu99;
				GCC_DYNAMIC_NO_PIC = NO;
				GCC_OPTIMIZATION_LEVEL = 0;
				GCC_PREPROCESSOR_DEFINITIONS = (
					"DEBUG=1",
					"$(inherited)",
				);
				GCC_SYMBOLS_PRIVATE_EXTERN = NO;
				GCC_WARN_64_TO_32_BIT_CONVERSION = YES;
				GCC_WARN_ABOUT_RETURN_TYPE = YES_ERROR;
				GCC_WARN_UNDECLARED_SELECTOR = YES;
				GCC_WARN_UNINITIALIZED_AUTOS = YES;
				GCC_WARN_UNUSED_FUNCTION = YES;
				GCC_WARN_UNUSED_VARIABLE = YES;
				IPHONEOS_DEPLOYMENT_TARGET = 7.0;
				ONLY_ACTIVE_ARCH = YES;
				SDKROOT = iphoneos;
			};
			name = Debug;
		};
		409AA47E1899F9E400DA9755 /* Release */ = {
			isa = XCBuildConfiguration;
			buildSettings = {
				ALWAYS_SEARCH_USER_PATHS = NO;
				ARCHS = "$(ARCHS_STANDARD_INCLUDING_64_BIT)";
				CLANG_CXX_LANGUAGE_STANDARD = "gnu++0x";
				CLANG_CXX_LIBRARY = "libc++";
				CLANG_ENABLE_MODULES = YES;
				CLANG_ENABLE_OBJC_ARC = YES;
				CLANG_WARN_BOOL_CONVERSION = YES;
				CLANG_WARN_CONSTANT_CONVERSION = YES;
				CLANG_WARN_DIRECT_OBJC_ISA_USAGE = YES_ERROR;
				CLANG_WARN_EMPTY_BODY = YES;
				CLANG_WARN_ENUM_CONVERSION = YES;
				CLANG_WARN_INT_CONVERSION = YES;
				CLANG_WARN_OBJC_ROOT_CLASS = YES_ERROR;
				CLANG_WARN__DUPLICATE_METHOD_MATCH = YES;
				"CODE_SIGN_IDENTITY[sdk=iphoneos*]" = "iPhone Developer";
				COPY_PHASE_STRIP = YES;
				ENABLE_NS_ASSERTIONS = NO;
				GCC_C_LANGUAGE_STANDARD = gnu99;
				GCC_WARN_64_TO_32_BIT_CONVERSION = YES;
				GCC_WARN_ABOUT_RETURN_TYPE = YES_ERROR;
				GCC_WARN_UNDECLARED_SELECTOR = YES;
				GCC_WARN_UNINITIALIZED_AUTOS = YES;
				GCC_WARN_UNUSED_FUNCTION = YES;
				GCC_WARN_UNUSED_VARIABLE = YES;
				IPHONEOS_DEPLOYMENT_TARGET = 7.0;
				SDKROOT = iphoneos;
				VALIDATE_PRODUCT = YES;
			};
			name = Release;
		};
		409AA4801899F9E400DA9755 /* Debug */ = {
			isa = XCBuildConfiguration;
			buildSettings = {
				ASSETCATALOG_COMPILER_APPICON_NAME = AppIcon;
				ASSETCATALOG_COMPILER_LAUNCHIMAGE_NAME = LaunchImage;
				GCC_PRECOMPILE_PREFIX_HEADER = YES;
				GCC_PREFIX_HEADER = "MandrillTst/MandrillTst-Prefix.pch";
				INFOPLIST_FILE = "MandrillTst/MandrillTst-Info.plist";
				PRODUCT_NAME = "$(TARGET_NAME)";
				WRAPPER_EXTENSION = app;
			};
			name = Debug;
		};
		409AA4811899F9E400DA9755 /* Release */ = {
			isa = XCBuildConfiguration;
			buildSettings = {
				ASSETCATALOG_COMPILER_APPICON_NAME = AppIcon;
				ASSETCATALOG_COMPILER_LAUNCHIMAGE_NAME = LaunchImage;
				GCC_PRECOMPILE_PREFIX_HEADER = YES;
				GCC_PREFIX_HEADER = "MandrillTst/MandrillTst-Prefix.pch";
				INFOPLIST_FILE = "MandrillTst/MandrillTst-Info.plist";
				PRODUCT_NAME = "$(TARGET_NAME)";
				WRAPPER_EXTENSION = app;
			};
			name = Release;
		};
		409AA4831899F9E400DA9755 /* Debug */ = {
			isa = XCBuildConfiguration;
			buildSettings = {
				ARCHS = "$(ARCHS_STANDARD_INCLUDING_64_BIT)";
				BUNDLE_LOADER = "$(BUILT_PRODUCTS_DIR)/MandrillTst.app/MandrillTst";
				FRAMEWORK_SEARCH_PATHS = (
					"$(SDKROOT)/Developer/Library/Frameworks",
					"$(inherited)",
					"$(DEVELOPER_FRAMEWORKS_DIR)",
				);
				GCC_PRECOMPILE_PREFIX_HEADER = YES;
				GCC_PREFIX_HEADER = "MandrillTst/MandrillTst-Prefix.pch";
				GCC_PREPROCESSOR_DEFINITIONS = (
					"DEBUG=1",
					"$(inherited)",
				);
				INFOPLIST_FILE = "MandrillTstTests/MandrillTstTests-Info.plist";
				PRODUCT_NAME = "$(TARGET_NAME)";
				TEST_HOST = "$(BUNDLE_LOADER)";
				WRAPPER_EXTENSION = xctest;
			};
			name = Debug;
		};
		409AA4841899F9E400DA9755 /* Release */ = {
			isa = XCBuildConfiguration;
			buildSettings = {
				ARCHS = "$(ARCHS_STANDARD_INCLUDING_64_BIT)";
				BUNDLE_LOADER = "$(BUILT_PRODUCTS_DIR)/MandrillTst.app/MandrillTst";
				FRAMEWORK_SEARCH_PATHS = (
					"$(SDKROOT)/Developer/Library/Frameworks",
					"$(inherited)",
					"$(DEVELOPER_FRAMEWORKS_DIR)",
				);
				GCC_PRECOMPILE_PREFIX_HEADER = YES;
				GCC_PREFIX_HEADER = "MandrillTst/MandrillTst-Prefix.pch";
				INFOPLIST_FILE = "MandrillTstTests/MandrillTstTests-Info.plist";
				PRODUCT_NAME = "$(TARGET_NAME)";
				TEST_HOST = "$(BUNDLE_LOADER)";
				WRAPPER_EXTENSION = xctest;
			};
			name = Release;
		};
/* End XCBuildConfiguration section */

/* Begin XCConfigurationList section */
		409AA4481899F9E400DA9755 /* Build configuration list for PBXProject "MandrillTst" */ = {
			isa = XCConfigurationList;
			buildConfigurations = (
				409AA47D1899F9E400DA9755 /* Debug */,
				409AA47E1899F9E400DA9755 /* Release */,
			);
			defaultConfigurationIsVisible = 0;
			defaultConfigurationName = Release;
		};
		409AA47F1899F9E400DA9755 /* Build configuration list for PBXNativeTarget "MandrillTst" */ = {
			isa = XCConfigurationList;
			buildConfigurations = (
				409AA4801899F9E400DA9755 /* Debug */,
				409AA4811899F9E400DA9755 /* Release */,
			);
			defaultConfigurationIsVisible = 0;
			defaultConfigurationName = Release;
		};
		409AA4821899F9E400DA9755 /* Build configuration list for PBXNativeTarget "MandrillTstTests" */ = {
			isa = XCConfigurationList;
			buildConfigurations = (
				409AA4831899F9E400DA9755 /* Debug */,
				409AA4841899F9E400DA9755 /* Release */,
			);
			defaultConfigurationIsVisible = 0;
			defaultConfigurationName = Release;
		};
/* End XCConfigurationList section */
	};
	rootObject = 409AA4451899F9E400DA9755 /* Project object */;
}
